
Microsoft Visual Studio Solution File, Format Version 12.00
# Visual Studio 14
VisualStudioVersion = 14.0.25420.1
MinimumVisualStudioVersion = 10.0.40219.1
Project("{FAE04EC0-301F-11D3-BF4B-00C04F79EFBC}") = "01 Fill the matrix", "01 Fill the matrix\01 Fill the matrix.csproj", "{47CAA5F6-5A20-463C-ACCC-2BF097BEA762}"
EndProject
Project("{FAE04EC0-301F-11D3-BF4B-00C04F79EFBC}") = "01 Fill the matrix 02", "01 Fill the matrix 02\01 Fill the matrix 02.csproj", "{D2FA5D42-8806-480B-B34F-52DDA593F71F}"
EndProject
Project("{FAE04EC0-301F-11D3-BF4B-00C04F79EFBC}") = "02 Maximal sum", "02 Maximal sum\02 Maximal sum.csproj", "{9E4DDDE8-D938-4CB2-8734-BC49C3E13BD1}"
EndProject
Project("{FAE04EC0-301F-11D3-BF4B-00C04F79EFBC}") = "02 Maximal sum 02", "02 Maximal sum 02\02 Maximal sum 02.csproj", "{2E75008C-341E-4228-9A1D-1D5F71B72B28}"
EndProject
Project("{FAE04EC0-301F-11D3-BF4B-00C04F79EFBC}") = "03 Sequence in matrix", "03 Sequence in matrix\03 Sequence in matrix.csproj", "{B2C0E9CB-A0B4-4C3E-B31A-A84B46D0E093}"
EndProject
Global
	GlobalSection(SolutionConfigurationPlatforms) = preSolution
		Debug|Any CPU = Debug|Any CPU
		Release|Any CPU = Release|Any CPU
	EndGlobalSection
	GlobalSection(ProjectConfigurationPlatforms) = postSolution
		{47CAA5F6-5A20-463C-ACCC-2BF097BEA762}.Debug|Any CPU.ActiveCfg = Debug|Any CPU
		{47CAA5F6-5A20-463C-ACCC-2BF097BEA762}.Debug|Any CPU.Build.0 = Debug|Any CPU
		{47CAA5F6-5A20-463C-ACCC-2BF097BEA762}.Release|Any CPU.ActiveCfg = Release|Any CPU
		{47CAA5F6-5A20-463C-ACCC-2BF097BEA762}.Release|Any CPU.Build.0 = Release|Any CPU
		{D2FA5D42-8806-480B-B34F-52DDA593F71F}.Debug|Any CPU.ActiveCfg = Debug|Any CPU
		{D2FA5D42-8806-480B-B34F-52DDA593F71F}.Debug|Any CPU.Build.0 = Debug|Any CPU
		{D2FA5D42-8806-480B-B34F-52DDA593F71F}.Release|Any CPU.ActiveCfg = Release|Any CPU
		{D2FA5D42-8806-480B-B34F-52DDA593F71F}.Release|Any CPU.Build.0 = Release|Any CPU
		{9E4DDDE8-D938-4CB2-8734-BC49C3E13BD1}.Debug|Any CPU.ActiveCfg = Debug|Any CPU
		{9E4DDDE8-D938-4CB2-8734-BC49C3E13BD1}.Debug|Any CPU.Build.0 = Debug|Any CPU
		{9E4DDDE8-D938-4CB2-8734-BC49C3E13BD1}.Release|Any CPU.ActiveCfg = Release|Any CPU
		{9E4DDDE8-D938-4CB2-8734-BC49C3E13BD1}.Release|Any CPU.Build.0 = Release|Any CPU
		{2E75008C-341E-4228-9A1D-1D5F71B72B28}.Debug|Any CPU.ActiveCfg = Debug|Any CPU
		{2E75008C-341E-4228-9A1D-1D5F71B72B28}.Debug|Any CPU.Build.0 = Debug|Any CPU
		{2E75008C-341E-4228-9A1D-1D5F71B72B28}.Release|Any CPU.ActiveCfg = Release|Any CPU
		{2E75008C-341E-4228-9A1D-1D5F71B72B28}.Release|Any CPU.Build.0 = Release|Any CPU
		{B2C0E9CB-A0B4-4C3E-B31A-A84B46D0E093}.Debug|Any CPU.ActiveCfg = Debug|Any CPU
		{B2C0E9CB-A0B4-4C3E-B31A-A84B46D0E093}.Debug|Any CPU.Build.0 = Debug|Any CPU
		{B2C0E9CB-A0B4-4C3E-B31A-A84B46D0E093}.Release|Any CPU.ActiveCfg = Release|Any CPU
		{B2C0E9CB-A0B4-4C3E-B31A-A84B46D0E093}.Release|Any CPU.Build.0 = Release|Any CPU
	EndGlobalSection
	GlobalSection(SolutionProperties) = preSolution
		HideSolutionNode = FALSE
	EndGlobalSection
EndGlobal
