
Microsoft Visual Studio Solution File, Format Version 12.00
# Visual Studio 14
VisualStudioVersion = 14.0.25420.1
MinimumVisualStudioVersion = 10.0.40219.1
Project("{FAE04EC0-301F-11D3-BF4B-00C04F79EFBC}") = "01 Sum of 3 numbers", "01 Sum of 3 numbers\01 Sum of 3 numbers.csproj", "{2D124D1E-D326-4E44-806D-FFB3AE1562A0}"
EndProject
Project("{FAE04EC0-301F-11D3-BF4B-00C04F79EFBC}") = "02 Company info", "02 Company info\02 Company info.csproj", "{BD1217B9-3556-4D5F-BEB2-B5BDED08B258}"
EndProject
Project("{FAE04EC0-301F-11D3-BF4B-00C04F79EFBC}") = "03 Circle", "03 Circle\03 Circle.csproj", "{8D519D42-A4E8-4A44-89DF-4D9EC32E4010}"
EndProject
Project("{FAE04EC0-301F-11D3-BF4B-00C04F79EFBC}") = "04 Formatting Numbers", "04 Formatting Numbers\04 Formatting Numbers.csproj", "{BFF3937F-7F5C-4C41-B991-739C70F7FB59}"
EndProject
Project("{FAE04EC0-301F-11D3-BF4B-00C04F79EFBC}") = "05 Number Comparer", "05 Number Comparer\05 Number Comparer.csproj", "{7FB4E3B4-5F7F-45FE-A4D3-D48F214FE299}"
EndProject
Project("{FAE04EC0-301F-11D3-BF4B-00C04F79EFBC}") = "06 Quadratic Equation", "06 Quadratic Equation\06 Quadratic Equation.csproj", "{E19E8C11-DAB8-46DD-83F0-7FF4B0C5EB6E}"
EndProject
Project("{FAE04EC0-301F-11D3-BF4B-00C04F79EFBC}") = "07 Sum of 5 numbers", "07 Sum of 5 numbers\07 Sum of 5 numbers.csproj", "{78DF8F16-DBB0-488E-BDBF-DC2F7FB0ECF8}"
EndProject
Project("{FAE04EC0-301F-11D3-BF4B-00C04F79EFBC}") = "08 Numbers from 1 to N", "08 Numbers from 1 to N\08 Numbers from 1 to N.csproj", "{9AE31C88-341F-4786-8A6A-0D1DE0C09072}"
EndProject
Project("{FAE04EC0-301F-11D3-BF4B-00C04F79EFBC}") = "09 Sum of N Numbers", "09 Sum of N Numbers\09 Sum of N Numbers.csproj", "{59929632-26F3-4B2A-96F6-12BE13E0A4C3}"
EndProject
Project("{FAE04EC0-301F-11D3-BF4B-00C04F79EFBC}") = "10 Fibonacci Numbers", "10 Fibonacci Numbers\10 Fibonacci Numbers.csproj", "{FA40E5E9-864C-4DA5-8D58-CA1EF9A052A3}"
EndProject
Project("{FAE04EC0-301F-11D3-BF4B-00C04F79EFBC}") = "11 Interval", "11 Interval\11 Interval.csproj", "{6C83492C-B139-4004-A92F-147910ADED24}"
EndProject
Project("{FAE04EC0-301F-11D3-BF4B-00C04F79EFBC}") = "12 Falling rocks", "12 Falling rocks\12 Falling rocks.csproj", "{6F5EDC50-F78A-4EFB-8AF4-F84D58CE7C75}"
EndProject
Global
	GlobalSection(SolutionConfigurationPlatforms) = preSolution
		Debug|Any CPU = Debug|Any CPU
		Release|Any CPU = Release|Any CPU
	EndGlobalSection
	GlobalSection(ProjectConfigurationPlatforms) = postSolution
		{2D124D1E-D326-4E44-806D-FFB3AE1562A0}.Debug|Any CPU.ActiveCfg = Debug|Any CPU
		{2D124D1E-D326-4E44-806D-FFB3AE1562A0}.Debug|Any CPU.Build.0 = Debug|Any CPU
		{2D124D1E-D326-4E44-806D-FFB3AE1562A0}.Release|Any CPU.ActiveCfg = Release|Any CPU
		{2D124D1E-D326-4E44-806D-FFB3AE1562A0}.Release|Any CPU.Build.0 = Release|Any CPU
		{BD1217B9-3556-4D5F-BEB2-B5BDED08B258}.Debug|Any CPU.ActiveCfg = Debug|Any CPU
		{BD1217B9-3556-4D5F-BEB2-B5BDED08B258}.Debug|Any CPU.Build.0 = Debug|Any CPU
		{BD1217B9-3556-4D5F-BEB2-B5BDED08B258}.Release|Any CPU.ActiveCfg = Release|Any CPU
		{BD1217B9-3556-4D5F-BEB2-B5BDED08B258}.Release|Any CPU.Build.0 = Release|Any CPU
		{8D519D42-A4E8-4A44-89DF-4D9EC32E4010}.Debug|Any CPU.ActiveCfg = Debug|Any CPU
		{8D519D42-A4E8-4A44-89DF-4D9EC32E4010}.Debug|Any CPU.Build.0 = Debug|Any CPU
		{8D519D42-A4E8-4A44-89DF-4D9EC32E4010}.Release|Any CPU.ActiveCfg = Release|Any CPU
		{8D519D42-A4E8-4A44-89DF-4D9EC32E4010}.Release|Any CPU.Build.0 = Release|Any CPU
		{BFF3937F-7F5C-4C41-B991-739C70F7FB59}.Debug|Any CPU.ActiveCfg = Debug|Any CPU
		{BFF3937F-7F5C-4C41-B991-739C70F7FB59}.Debug|Any CPU.Build.0 = Debug|Any CPU
		{BFF3937F-7F5C-4C41-B991-739C70F7FB59}.Release|Any CPU.ActiveCfg = Release|Any CPU
		{BFF3937F-7F5C-4C41-B991-739C70F7FB59}.Release|Any CPU.Build.0 = Release|Any CPU
		{7FB4E3B4-5F7F-45FE-A4D3-D48F214FE299}.Debug|Any CPU.ActiveCfg = Debug|Any CPU
		{7FB4E3B4-5F7F-45FE-A4D3-D48F214FE299}.Debug|Any CPU.Build.0 = Debug|Any CPU
		{7FB4E3B4-5F7F-45FE-A4D3-D48F214FE299}.Release|Any CPU.ActiveCfg = Release|Any CPU
		{7FB4E3B4-5F7F-45FE-A4D3-D48F214FE299}.Release|Any CPU.Build.0 = Release|Any CPU
		{E19E8C11-DAB8-46DD-83F0-7FF4B0C5EB6E}.Debug|Any CPU.ActiveCfg = Debug|Any CPU
		{E19E8C11-DAB8-46DD-83F0-7FF4B0C5EB6E}.Debug|Any CPU.Build.0 = Debug|Any CPU
		{E19E8C11-DAB8-46DD-83F0-7FF4B0C5EB6E}.Release|Any CPU.ActiveCfg = Release|Any CPU
		{E19E8C11-DAB8-46DD-83F0-7FF4B0C5EB6E}.Release|Any CPU.Build.0 = Release|Any CPU
		{78DF8F16-DBB0-488E-BDBF-DC2F7FB0ECF8}.Debug|Any CPU.ActiveCfg = Debug|Any CPU
		{78DF8F16-DBB0-488E-BDBF-DC2F7FB0ECF8}.Debug|Any CPU.Build.0 = Debug|Any CPU
		{78DF8F16-DBB0-488E-BDBF-DC2F7FB0ECF8}.Release|Any CPU.ActiveCfg = Release|Any CPU
		{78DF8F16-DBB0-488E-BDBF-DC2F7FB0ECF8}.Release|Any CPU.Build.0 = Release|Any CPU
		{9AE31C88-341F-4786-8A6A-0D1DE0C09072}.Debug|Any CPU.ActiveCfg = Debug|Any CPU
		{9AE31C88-341F-4786-8A6A-0D1DE0C09072}.Debug|Any CPU.Build.0 = Debug|Any CPU
		{9AE31C88-341F-4786-8A6A-0D1DE0C09072}.Release|Any CPU.ActiveCfg = Release|Any CPU
		{9AE31C88-341F-4786-8A6A-0D1DE0C09072}.Release|Any CPU.Build.0 = Release|Any CPU
		{59929632-26F3-4B2A-96F6-12BE13E0A4C3}.Debug|Any CPU.ActiveCfg = Debug|Any CPU
		{59929632-26F3-4B2A-96F6-12BE13E0A4C3}.Debug|Any CPU.Build.0 = Debug|Any CPU
		{59929632-26F3-4B2A-96F6-12BE13E0A4C3}.Release|Any CPU.ActiveCfg = Release|Any CPU
		{59929632-26F3-4B2A-96F6-12BE13E0A4C3}.Release|Any CPU.Build.0 = Release|Any CPU
		{FA40E5E9-864C-4DA5-8D58-CA1EF9A052A3}.Debug|Any CPU.ActiveCfg = Debug|Any CPU
		{FA40E5E9-864C-4DA5-8D58-CA1EF9A052A3}.Debug|Any CPU.Build.0 = Debug|Any CPU
		{FA40E5E9-864C-4DA5-8D58-CA1EF9A052A3}.Release|Any CPU.ActiveCfg = Release|Any CPU
		{FA40E5E9-864C-4DA5-8D58-CA1EF9A052A3}.Release|Any CPU.Build.0 = Release|Any CPU
		{6C83492C-B139-4004-A92F-147910ADED24}.Debug|Any CPU.ActiveCfg = Debug|Any CPU
		{6C83492C-B139-4004-A92F-147910ADED24}.Debug|Any CPU.Build.0 = Debug|Any CPU
		{6C83492C-B139-4004-A92F-147910ADED24}.Release|Any CPU.ActiveCfg = Release|Any CPU
		{6C83492C-B139-4004-A92F-147910ADED24}.Release|Any CPU.Build.0 = Release|Any CPU
		{6F5EDC50-F78A-4EFB-8AF4-F84D58CE7C75}.Debug|Any CPU.ActiveCfg = Debug|Any CPU
		{6F5EDC50-F78A-4EFB-8AF4-F84D58CE7C75}.Debug|Any CPU.Build.0 = Debug|Any CPU
		{6F5EDC50-F78A-4EFB-8AF4-F84D58CE7C75}.Release|Any CPU.ActiveCfg = Release|Any CPU
		{6F5EDC50-F78A-4EFB-8AF4-F84D58CE7C75}.Release|Any CPU.Build.0 = Release|Any CPU
	EndGlobalSection
	GlobalSection(SolutionProperties) = preSolution
		HideSolutionNode = FALSE
	EndGlobalSection
EndGlobal
